
Microsoft Visual Studio Solution File, Format Version 12.00
# Visual Studio Version 16
VisualStudioVersion = 16.0.32602.291
MinimumVisualStudioVersion = 10.0.40219.1
Project("{9A19103F-16F7-4668-BE54-9A1E7A4F7556}") = "BFSharp", "BFSharp.csproj", "{18F377BD-80B2-41BC-BE75-C8836234BBEE}"
EndProject
Global
	GlobalSection(SolutionConfigurationPlatforms) = preSolution
		Debug|Any CPU = Debug|Any CPU
		Release|Any CPU = Release|Any CPU
	EndGlobalSection
	GlobalSection(ProjectConfigurationPlatforms) = postSolution
		{18F377BD-80B2-41BC-BE75-C8836234BBEE}.Debug|Any CPU.ActiveCfg = Debug|Any CPU
		{18F377BD-80B2-41BC-BE75-C8836234BBEE}.Debug|Any CPU.Build.0 = Debug|Any CPU
		{18F377BD-80B2-41BC-BE75-C8836234BBEE}.Release|Any CPU.ActiveCfg = Release|Any CPU
		{18F377BD-80B2-41BC-BE75-C8836234BBEE}.Release|Any CPU.Build.0 = Release|Any CPU
	EndGlobalSection
	GlobalSection(SolutionProperties) = preSolution
		HideSolutionNode = FALSE
	EndGlobalSection
	GlobalSection(ExtensibilityGlobals) = postSolution
		SolutionGuid = {A3861CD1-6084-4BEA-8A62-7259BF94E7C9}
	EndGlobalSection
EndGlobal
